
Microsoft Visual Studio Solution File, Format Version 12.00
# Visual Studio Version 17
VisualStudioVersion = 17.14.37012.4
MinimumVisualStudioVersion = 10.0.40219.1
Project("{FAE04EC0-301F-11D3-BF4B-00C04F79EFBC}") = "TrainingAndCertificationPlatform", "TrainingAndCertificationPlatform\TrainingAndCertificationPlatform.csproj", "{B941F4EE-513A-493B-AF1D-D4374B82F3E7}"
EndProject
Project("{FAE04EC0-301F-11D3-BF4B-00C04F79EFBC}") = "TrainingAndCertificationAPI", "TrainingAndCertificationAPI\TrainingAndCertificationAPI.csproj", "{4A9C8308-7594-4F13-BF2C-B10BED326E71}"
EndProject
Project("{FAE04EC0-301F-11D3-BF4B-00C04F79EFBC}") = "TrainingAndCertificationReports", "TrainingAndCertificationReports\TrainingAndCertificationReports.csproj", "{6E11FC26-C1F2-48B8-908D-E3BF59BC0F1A}"
EndProject
Global
	GlobalSection(SolutionConfigurationPlatforms) = preSolution
		Debug|Any CPU = Debug|Any CPU
		Debug|x64 = Debug|x64
		Debug|x86 = Debug|x86
		Release|Any CPU = Release|Any CPU
		Release|x64 = Release|x64
		Release|x86 = Release|x86
	EndGlobalSection
	GlobalSection(ProjectConfigurationPlatforms) = postSolution
		{B941F4EE-513A-493B-AF1D-D4374B82F3E7}.Debug|Any CPU.ActiveCfg = Debug|Any CPU
		{B941F4EE-513A-493B-AF1D-D4374B82F3E7}.Debug|Any CPU.Build.0 = Debug|Any CPU
		{B941F4EE-513A-493B-AF1D-D4374B82F3E7}.Debug|x64.ActiveCfg = Debug|Any CPU
		{B941F4EE-513A-493B-AF1D-D4374B82F3E7}.Debug|x64.Build.0 = Debug|Any CPU
		{B941F4EE-513A-493B-AF1D-D4374B82F3E7}.Debug|x86.ActiveCfg = Debug|Any CPU
		{B941F4EE-513A-493B-AF1D-D4374B82F3E7}.Debug|x86.Build.0 = Debug|Any CPU
		{B941F4EE-513A-493B-AF1D-D4374B82F3E7}.Release|Any CPU.ActiveCfg = Release|Any CPU
		{B941F4EE-513A-493B-AF1D-D4374B82F3E7}.Release|Any CPU.Build.0 = Release|Any CPU
		{B941F4EE-513A-493B-AF1D-D4374B82F3E7}.Release|x64.ActiveCfg = Release|Any CPU
		{B941F4EE-513A-493B-AF1D-D4374B82F3E7}.Release|x64.Build.0 = Release|Any CPU
		{B941F4EE-513A-493B-AF1D-D4374B82F3E7}.Release|x86.ActiveCfg = Release|Any CPU
		{B941F4EE-513A-493B-AF1D-D4374B82F3E7}.Release|x86.Build.0 = Release|Any CPU
		{4A9C8308-7594-4F13-BF2C-B10BED326E71}.Debug|Any CPU.ActiveCfg = Debug|Any CPU
		{4A9C8308-7594-4F13-BF2C-B10BED326E71}.Debug|Any CPU.Build.0 = Debug|Any CPU
		{4A9C8308-7594-4F13-BF2C-B10BED326E71}.Debug|x64.ActiveCfg = Debug|Any CPU
		{4A9C8308-7594-4F13-BF2C-B10BED326E71}.Debug|x64.Build.0 = Debug|Any CPU
		{4A9C8308-7594-4F13-BF2C-B10BED326E71}.Debug|x86.ActiveCfg = Debug|Any CPU
		{4A9C8308-7594-4F13-BF2C-B10BED326E71}.Debug|x86.Build.0 = Debug|Any CPU
		{4A9C8308-7594-4F13-BF2C-B10BED326E71}.Release|Any CPU.ActiveCfg = Release|Any CPU
		{4A9C8308-7594-4F13-BF2C-B10BED326E71}.Release|Any CPU.Build.0 = Release|Any CPU
		{4A9C8308-7594-4F13-BF2C-B10BED326E71}.Release|x64.ActiveCfg = Release|Any CPU
		{4A9C8308-7594-4F13-BF2C-B10BED326E71}.Release|x64.Build.0 = Release|Any CPU
		{4A9C8308-7594-4F13-BF2C-B10BED326E71}.Release|x86.ActiveCfg = Release|Any CPU
		{4A9C8308-7594-4F13-BF2C-B10BED326E71}.Release|x86.Build.0 = Release|Any CPU
		{6E11FC26-C1F2-48B8-908D-E3BF59BC0F1A}.Debug|Any CPU.ActiveCfg = Debug|Any CPU
		{6E11FC26-C1F2-48B8-908D-E3BF59BC0F1A}.Debug|Any CPU.Build.0 = Debug|Any CPU
		{6E11FC26-C1F2-48B8-908D-E3BF59BC0F1A}.Debug|x64.ActiveCfg = Debug|Any CPU
		{6E11FC26-C1F2-48B8-908D-E3BF59BC0F1A}.Debug|x64.Build.0 = Debug|Any CPU
		{6E11FC26-C1F2-48B8-908D-E3BF59BC0F1A}.Debug|x86.ActiveCfg = Debug|Any CPU
		{6E11FC26-C1F2-48B8-908D-E3BF59BC0F1A}.Debug|x86.Build.0 = Debug|Any CPU
		{6E11FC26-C1F2-48B8-908D-E3BF59BC0F1A}.Release|Any CPU.ActiveCfg = Release|Any CPU
		{6E11FC26-C1F2-48B8-908D-E3BF59BC0F1A}.Release|Any CPU.Build.0 = Release|Any CPU
		{6E11FC26-C1F2-48B8-908D-E3BF59BC0F1A}.Release|x64.ActiveCfg = Release|Any CPU
		{6E11FC26-C1F2-48B8-908D-E3BF59BC0F1A}.Release|x64.Build.0 = Release|Any CPU
		{6E11FC26-C1F2-48B8-908D-E3BF59BC0F1A}.Release|x86.ActiveCfg = Release|Any CPU
		{6E11FC26-C1F2-48B8-908D-E3BF59BC0F1A}.Release|x86.Build.0 = Release|Any CPU
	EndGlobalSection
	GlobalSection(SolutionProperties) = preSolution
		HideSolutionNode = FALSE
	EndGlobalSection
	GlobalSection(ExtensibilityGlobals) = postSolution
		SolutionGuid = {2C04AA9E-3587-4F72-AC21-9D2B4DF8EAC3}
	EndGlobalSection
EndGlobal
